
Microsoft Visual Studio Solution File, Format Version 12.00
# Visual Studio 15
VisualStudioVersion = 15.0.27703.2000
MinimumVisualStudioVersion = 10.0.40219.1
Project("{FAE04EC0-301F-11D3-BF4B-00C04F79EFBC}") = "AwariEngine", "AwariEngine\AwariEngine.csproj", "{2A654A76-F8F0-4FE7-A4E0-D49BC2F4E96F}"
EndProject
Project("{FAE04EC0-301F-11D3-BF4B-00C04F79EFBC}") = "AwariEngineTests", "AwariEngineTests\AwariEngineTests.csproj", "{CAD01248-10EF-4C56-8B2E-E5BEA0DC2926}"
EndProject
Global
	GlobalSection(SolutionConfigurationPlatforms) = preSolution
		Debug|Any CPU = Debug|Any CPU
		Release|Any CPU = Release|Any CPU
	EndGlobalSection
	GlobalSection(ProjectConfigurationPlatforms) = postSolution
		{2A654A76-F8F0-4FE7-A4E0-D49BC2F4E96F}.Debug|Any CPU.ActiveCfg = Debug|Any CPU
		{2A654A76-F8F0-4FE7-A4E0-D49BC2F4E96F}.Debug|Any CPU.Build.0 = Debug|Any CPU
		{2A654A76-F8F0-4FE7-A4E0-D49BC2F4E96F}.Release|Any CPU.ActiveCfg = Release|Any CPU
		{2A654A76-F8F0-4FE7-A4E0-D49BC2F4E96F}.Release|Any CPU.Build.0 = Release|Any CPU
		{CAD01248-10EF-4C56-8B2E-E5BEA0DC2926}.Debug|Any CPU.ActiveCfg = Debug|Any CPU
		{CAD01248-10EF-4C56-8B2E-E5BEA0DC2926}.Debug|Any CPU.Build.0 = Debug|Any CPU
		{CAD01248-10EF-4C56-8B2E-E5BEA0DC2926}.Release|Any CPU.ActiveCfg = Release|Any CPU
		{CAD01248-10EF-4C56-8B2E-E5BEA0DC2926}.Release|Any CPU.Build.0 = Release|Any CPU
	EndGlobalSection
	GlobalSection(SolutionProperties) = preSolution
		HideSolutionNode = FALSE
	EndGlobalSection
	GlobalSection(ExtensibilityGlobals) = postSolution
		SolutionGuid = {929CBDC3-512A-4F65-ABFF-EABF52E28982}
	EndGlobalSection
EndGlobal
